// !$*UTF8*$!
{
	archiveVersion = 1;
	classes = {
	};
	objectVersion = 55;
	objects = {

/* Begin PBXBuildFile section */
		41D7E46EA0D7C81E1E732EFE /* Pods_PairChecker.framework in Frameworks */ = {isa = PBXBuildFile; fileRef = AE12F5544032701BB42B5AFC /* Pods_PairChecker.framework */; };
		483D13BD40E2D6287997FF76 /* Pods_PairCheckerTests.framework in Frameworks */ = {isa = PBXBuildFile; fileRef = 2A7F18381B41DED2E27E89DB /* Pods_PairCheckerTests.framework */; };
		EC5E267727D34B9A00C29631 /* String+.swift in Sources */ = {isa = PBXBuildFile; fileRef = EC5E267627D34B9A00C29631 /* String+.swift */; };
		EC5E267827D34B9A00C29631 /* String+.swift in Sources */ = {isa = PBXBuildFile; fileRef = EC5E267627D34B9A00C29631 /* String+.swift */; };
		EC5E267C27D34F3A00C29631 /* SignChecker.swift in Sources */ = {isa = PBXBuildFile; fileRef = EC5E267B27D34F3A00C29631 /* SignChecker.swift */; };
		EC5E267D27D34F3A00C29631 /* SignChecker.swift in Sources */ = {isa = PBXBuildFile; fileRef = EC5E267B27D34F3A00C29631 /* SignChecker.swift */; };
		EC5E268527D3554D00C29631 /* MainViewController.swift in Sources */ = {isa = PBXBuildFile; fileRef = EC5E268427D3554D00C29631 /* MainViewController.swift */; };
		EC5E268627D3554D00C29631 /* MainViewController.swift in Sources */ = {isa = PBXBuildFile; fileRef = EC5E268427D3554D00C29631 /* MainViewController.swift */; };
		EC5E268827D355C900C29631 /* MainViewModel.swift in Sources */ = {isa = PBXBuildFile; fileRef = EC5E268727D355C900C29631 /* MainViewModel.swift */; };
		EC5E268927D355C900C29631 /* MainViewModel.swift in Sources */ = {isa = PBXBuildFile; fileRef = EC5E268727D355C900C29631 /* MainViewModel.swift */; };
		EC5E268E27D3578700C29631 /* CardCollectionViewCell.swift in Sources */ = {isa = PBXBuildFile; fileRef = EC5E268C27D3578700C29631 /* CardCollectionViewCell.swift */; };
		EC5E268F27D3578700C29631 /* CardCollectionViewCell.xib in Resources */ = {isa = PBXBuildFile; fileRef = EC5E268D27D3578700C29631 /* CardCollectionViewCell.xib */; };
		EC5E269227D3581500C29631 /* UICollectionView+.swift in Sources */ = {isa = PBXBuildFile; fileRef = EC5E269127D3581500C29631 /* UICollectionView+.swift */; };
		EC5E269327D3581500C29631 /* UICollectionView+.swift in Sources */ = {isa = PBXBuildFile; fileRef = EC5E269127D3581500C29631 /* UICollectionView+.swift */; };
		EC5E269527D3583700C29631 /* UIView+.swift in Sources */ = {isa = PBXBuildFile; fileRef = EC5E269427D3583700C29631 /* UIView+.swift */; };
		EC5E269627D3583700C29631 /* UIView+.swift in Sources */ = {isa = PBXBuildFile; fileRef = EC5E269427D3583700C29631 /* UIView+.swift */; };
		EC899A8727F6BAAD00F343EA /* BackCardView.swift in Sources */ = {isa = PBXBuildFile; fileRef = EC899A8627F6BAAD00F343EA /* BackCardView.swift */; };
		EC8AAA4A27D6398A0022CDA7 /* MBTIChecker.swift in Sources */ = {isa = PBXBuildFile; fileRef = EC8AAA4927D6398A0022CDA7 /* MBTIChecker.swift */; };
		EC8AAA4B27D6398A0022CDA7 /* MBTIChecker.swift in Sources */ = {isa = PBXBuildFile; fileRef = EC8AAA4927D6398A0022CDA7 /* MBTIChecker.swift */; };
		EC8AAA5027D640BE0022CDA7 /* BloodTypeChecker.swift in Sources */ = {isa = PBXBuildFile; fileRef = EC8AAA4F27D640BE0022CDA7 /* BloodTypeChecker.swift */; };
		EC8AAA5127D640BE0022CDA7 /* BloodTypeChecker.swift in Sources */ = {isa = PBXBuildFile; fileRef = EC8AAA4F27D640BE0022CDA7 /* BloodTypeChecker.swift */; };
		EC8C7AA627FC750D0084492B /* AddPerson.storyboard in Resources */ = {isa = PBXBuildFile; fileRef = EC8C7AA527FC750D0084492B /* AddPerson.storyboard */; };
		EC8C7AA827FC752E0084492B /* AddPersonViewController.swift in Sources */ = {isa = PBXBuildFile; fileRef = EC8C7AA727FC752E0084492B /* AddPersonViewController.swift */; };
		EC8C7AAA27FEC93C0084492B /* PairComponentTableViewCellDelegate.swift in Sources */ = {isa = PBXBuildFile; fileRef = EC8C7AA927FEC93C0084492B /* PairComponentTableViewCellDelegate.swift */; };
		EC8C7AAC27FEF7F30084492B /* Onboarding.storyboard in Resources */ = {isa = PBXBuildFile; fileRef = EC8C7AAB27FEF7F30084492B /* Onboarding.storyboard */; };
		EC8C7AAE27FEFF890084492B /* OnboardingViewController.swift in Sources */ = {isa = PBXBuildFile; fileRef = EC8C7AAD27FEFF890084492B /* OnboardingViewController.swift */; };
		EC8C7AB027FF05890084492B /* DeviceInfo.swift in Sources */ = {isa = PBXBuildFile; fileRef = EC8C7AAF27FF05890084492B /* DeviceInfo.swift */; };
		EC8C7AB227FF14A90084492B /* OnboardingViewModel.swift in Sources */ = {isa = PBXBuildFile; fileRef = EC8C7AB127FF14A90084492B /* OnboardingViewModel.swift */; };
		EC8F34FD27FB077400B11CCF /* PairCheckNavigationController.swift in Sources */ = {isa = PBXBuildFile; fileRef = EC8F34FC27FB077400B11CCF /* PairCheckNavigationController.swift */; };
		EC8F34FF27FB0A0800B11CCF /* PairCheckViewModel.swift in Sources */ = {isa = PBXBuildFile; fileRef = EC8F34FE27FB0A0800B11CCF /* PairCheckViewModel.swift */; };
		EC8F350327FB0E8800B11CCF /* PairComponentSelectViewController.swift in Sources */ = {isa = PBXBuildFile; fileRef = EC8F350227FB0E8800B11CCF /* PairComponentSelectViewController.swift */; };
		EC8F350627FB274800B11CCF /* PairComponentTableViewCell.swift in Sources */ = {isa = PBXBuildFile; fileRef = EC8F350427FB274800B11CCF /* PairComponentTableViewCell.swift */; };
		EC8F350727FB274800B11CCF /* PairComponentTableViewCell.xib in Resources */ = {isa = PBXBuildFile; fileRef = EC8F350527FB274800B11CCF /* PairComponentTableViewCell.xib */; };
		EC8FB2B92801BC0C0073DD5F /* AddPersonViewModel.swift in Sources */ = {isa = PBXBuildFile; fileRef = EC8FB2B82801BC0C0073DD5F /* AddPersonViewModel.swift */; };
		EC98DE9D4BE606DE47E888A2 /* Pods_PairChecker_PairCheckerUITests.framework in Frameworks */ = {isa = PBXBuildFile; fileRef = ADDE20805B923D7B68078EC8 /* Pods_PairChecker_PairCheckerUITests.framework */; };
		ECA522D427F1DE290004B8D2 /* PairCheck.storyboard in Resources */ = {isa = PBXBuildFile; fileRef = ECA522D327F1DE290004B8D2 /* PairCheck.storyboard */; };
		ECA522D627F1DE3F0004B8D2 /* PersonSelectViewController.swift in Sources */ = {isa = PBXBuildFile; fileRef = ECA522D527F1DE3F0004B8D2 /* PersonSelectViewController.swift */; };
		ECA522D927F1E0180004B8D2 /* PeopleSelectCollectionViewCell.swift in Sources */ = {isa = PBXBuildFile; fileRef = ECA522D727F1E0180004B8D2 /* PeopleSelectCollectionViewCell.swift */; };
		ECA522DA27F1E0180004B8D2 /* PeopleSelectCollectionViewCell.xib in Resources */ = {isa = PBXBuildFile; fileRef = ECA522D827F1E0180004B8D2 /* PeopleSelectCollectionViewCell.xib */; };
		ECA522DC27F1E19C0004B8D2 /* PeopleSelectViewModel.swift in Sources */ = {isa = PBXBuildFile; fileRef = ECA522DB27F1E19C0004B8D2 /* PeopleSelectViewModel.swift */; };
		ECA522E027F1E4810004B8D2 /* MainViewDelegate.swift in Sources */ = {isa = PBXBuildFile; fileRef = ECA522DF27F1E4810004B8D2 /* MainViewDelegate.swift */; };
		ECA522E327F1F3000004B8D2 /* PeopleSelectionCollectionViewFlowLayout.swift in Sources */ = {isa = PBXBuildFile; fileRef = ECA522E227F1F2FF0004B8D2 /* PeopleSelectionCollectionViewFlowLayout.swift */; };
		ECA57C1627ED6CFC00002758 /* NotificationCenter+.swift in Sources */ = {isa = PBXBuildFile; fileRef = ECA57C1527ED6CFC00002758 /* NotificationCenter+.swift */; };
		ECA57C1C27EED91000002758 /* CardCollectionViewBackCellViewModel.swift in Sources */ = {isa = PBXBuildFile; fileRef = ECA57C1B27EED91000002758 /* CardCollectionViewBackCellViewModel.swift */; };
		ECA6562927EC9B7600B14966 /* UIColor+.swift in Sources */ = {isa = PBXBuildFile; fileRef = ECA6562827EC9B7600B14966 /* UIColor+.swift */; };
		ECA6562C27ECBE0700B14966 /* MainText.swift in Sources */ = {isa = PBXBuildFile; fileRef = ECA6562B27ECBE0700B14966 /* MainText.swift */; };
		ECA6562E27ECC39700B14966 /* Animal.swift in Sources */ = {isa = PBXBuildFile; fileRef = ECA6562D27ECC39700B14966 /* Animal.swift */; };
		ECA6563027ECC4FF00B14966 /* ThemeColor.swift in Sources */ = {isa = PBXBuildFile; fileRef = ECA6562F27ECC4FF00B14966 /* ThemeColor.swift */; };
		ECA6563227ECC68500B14966 /* CardCollectionViewCellViewModel.swift in Sources */ = {isa = PBXBuildFile; fileRef = ECA6563127ECC68500B14966 /* CardCollectionViewCellViewModel.swift */; };
		ECA6563427ECC6D300B14966 /* Person.swift in Sources */ = {isa = PBXBuildFile; fileRef = ECA6563327ECC6D300B14966 /* Person.swift */; };
		ECBFC8B227F0B4B200B9E917 /* UserManager.swift in Sources */ = {isa = PBXBuildFile; fileRef = ECBFC8B127F0B4B200B9E917 /* UserManager.swift */; };
		ECBFC8B427F0B5C100B9E917 /* UserDefaultKeys.swift in Sources */ = {isa = PBXBuildFile; fileRef = ECBFC8B327F0B5C100B9E917 /* UserDefaultKeys.swift */; };
		ECBFC8B627F0B65200B9E917 /* UserDefaultsWrapper.swift in Sources */ = {isa = PBXBuildFile; fileRef = ECBFC8B527F0B65200B9E917 /* UserDefaultsWrapper.swift */; };
		ECBFC8BA27F0C03300B9E917 /* PeopleList.storyboard in Resources */ = {isa = PBXBuildFile; fileRef = ECBFC8B927F0C03300B9E917 /* PeopleList.storyboard */; };
		ECBFC8BC27F0C04900B9E917 /* PeopleListViewController.swift in Sources */ = {isa = PBXBuildFile; fileRef = ECBFC8BB27F0C04900B9E917 /* PeopleListViewController.swift */; };
		ECBFC8BE27F0C2E100B9E917 /* UIControl+.swift in Sources */ = {isa = PBXBuildFile; fileRef = ECBFC8BD27F0C2E100B9E917 /* UIControl+.swift */; };
		ECBFC8C027F0C47700B9E917 /* StoryBoardNames.swift in Sources */ = {isa = PBXBuildFile; fileRef = ECBFC8BF27F0C47700B9E917 /* StoryBoardNames.swift */; };
		ECBFC8C227F0C4EA00B9E917 /* UIViewController+.swift in Sources */ = {isa = PBXBuildFile; fileRef = ECBFC8C127F0C4EA00B9E917 /* UIViewController+.swift */; };
		ECBFC8C427F0C8E600B9E917 /* PeopleListViewModel.swift in Sources */ = {isa = PBXBuildFile; fileRef = ECBFC8C327F0C8E600B9E917 /* PeopleListViewModel.swift */; };
		ECBFC8C827F0CAD000B9E917 /* MainListTableViewCell.swift in Sources */ = {isa = PBXBuildFile; fileRef = ECBFC8C627F0CAD000B9E917 /* MainListTableViewCell.swift */; };
		ECBFC8C927F0CAD000B9E917 /* MainListTableViewCell.xib in Resources */ = {isa = PBXBuildFile; fileRef = ECBFC8C727F0CAD000B9E917 /* MainListTableViewCell.xib */; };
		ECBFC8CB27F0CFE900B9E917 /* UITableView+.swift in Sources */ = {isa = PBXBuildFile; fileRef = ECBFC8CA27F0CFE900B9E917 /* UITableView+.swift */; };
		ECBFC8CE27F0D0E500B9E917 /* MainListTableViewAddCell.swift in Sources */ = {isa = PBXBuildFile; fileRef = ECBFC8CC27F0D0E500B9E917 /* MainListTableViewAddCell.swift */; };
		ECBFC8CF27F0D0E500B9E917 /* MainListTableViewAddCell.xib in Resources */ = {isa = PBXBuildFile; fileRef = ECBFC8CD27F0D0E500B9E917 /* MainListTableViewAddCell.xib */; };
		ECCB786327B68C66001A0D36 /* AppDelegate.swift in Sources */ = {isa = PBXBuildFile; fileRef = ECCB786227B68C66001A0D36 /* AppDelegate.swift */; };
		ECCB786527B68C66001A0D36 /* SceneDelegate.swift in Sources */ = {isa = PBXBuildFile; fileRef = ECCB786427B68C66001A0D36 /* SceneDelegate.swift */; };
		ECCB786727B68C66001A0D36 /* ViewController.swift in Sources */ = {isa = PBXBuildFile; fileRef = ECCB786627B68C66001A0D36 /* ViewController.swift */; };
		ECCB786A27B68C66001A0D36 /* Main.storyboard in Resources */ = {isa = PBXBuildFile; fileRef = ECCB786827B68C66001A0D36 /* Main.storyboard */; };
		ECCB786C27B68C69001A0D36 /* Assets.xcassets in Resources */ = {isa = PBXBuildFile; fileRef = ECCB786B27B68C69001A0D36 /* Assets.xcassets */; };
		ECCB786F27B68C69001A0D36 /* LaunchScreen.storyboard in Resources */ = {isa = PBXBuildFile; fileRef = ECCB786D27B68C69001A0D36 /* LaunchScreen.storyboard */; };
		ECCB787A27B68C69001A0D36 /* NameCheckerTests.swift in Sources */ = {isa = PBXBuildFile; fileRef = ECCB787927B68C69001A0D36 /* NameCheckerTests.swift */; };
		ECCB788427B68C69001A0D36 /* PairCheckerUITests.swift in Sources */ = {isa = PBXBuildFile; fileRef = ECCB788327B68C69001A0D36 /* PairCheckerUITests.swift */; };
		ECCB788627B68C69001A0D36 /* PairCheckerUITestsLaunchTests.swift in Sources */ = {isa = PBXBuildFile; fileRef = ECCB788527B68C69001A0D36 /* PairCheckerUITestsLaunchTests.swift */; };
		ECCB789327B68CFA001A0D36 /* NameChecker.swift in Sources */ = {isa = PBXBuildFile; fileRef = ECCB789227B68CFA001A0D36 /* NameChecker.swift */; };
		ECCB789427B68CFA001A0D36 /* NameChecker.swift in Sources */ = {isa = PBXBuildFile; fileRef = ECCB789227B68CFA001A0D36 /* NameChecker.swift */; };
/* End PBXBuildFile section */

/* Begin PBXContainerItemProxy section */
		ECCB787627B68C69001A0D36 /* PBXContainerItemProxy */ = {
			isa = PBXContainerItemProxy;
			containerPortal = ECCB785727B68C66001A0D36 /* Project object */;
			proxyType = 1;
			remoteGlobalIDString = ECCB785E27B68C66001A0D36;
			remoteInfo = PairChecker;
		};
		ECCB788027B68C69001A0D36 /* PBXContainerItemProxy */ = {
			isa = PBXContainerItemProxy;
			containerPortal = ECCB785727B68C66001A0D36 /* Project object */;
			proxyType = 1;
			remoteGlobalIDString = ECCB785E27B68C66001A0D36;
			remoteInfo = PairChecker;
		};
/* End PBXContainerItemProxy section */

/* Begin PBXFileReference section */
		184000D4FB280C561E644E52 /* Pods-PairChecker.debug.xcconfig */ = {isa = PBXFileReference; includeInIndex = 1; lastKnownFileType = text.xcconfig; name = "Pods-PairChecker.debug.xcconfig"; path = "Target Support Files/Pods-PairChecker/Pods-PairChecker.debug.xcconfig"; sourceTree = "<group>"; };
		2A7F18381B41DED2E27E89DB /* Pods_PairCheckerTests.framework */ = {isa = PBXFileReference; explicitFileType = wrapper.framework; includeInIndex = 0; path = Pods_PairCheckerTests.framework; sourceTree = BUILT_PRODUCTS_DIR; };
		65B1FD610F6C8513F38EF6E8 /* Pods-PairChecker-PairCheckerUITests.debug.xcconfig */ = {isa = PBXFileReference; includeInIndex = 1; lastKnownFileType = text.xcconfig; name = "Pods-PairChecker-PairCheckerUITests.debug.xcconfig"; path = "Target Support Files/Pods-PairChecker-PairCheckerUITests/Pods-PairChecker-PairCheckerUITests.debug.xcconfig"; sourceTree = "<group>"; };
		7BA284CCAAD41A9705168957 /* Pods-PairChecker.release.xcconfig */ = {isa = PBXFileReference; includeInIndex = 1; lastKnownFileType = text.xcconfig; name = "Pods-PairChecker.release.xcconfig"; path = "Target Support Files/Pods-PairChecker/Pods-PairChecker.release.xcconfig"; sourceTree = "<group>"; };
		8DB445287CA7A3C2D7CAA89F /* Pods-PairCheckerTests.release.xcconfig */ = {isa = PBXFileReference; includeInIndex = 1; lastKnownFileType = text.xcconfig; name = "Pods-PairCheckerTests.release.xcconfig"; path = "Target Support Files/Pods-PairCheckerTests/Pods-PairCheckerTests.release.xcconfig"; sourceTree = "<group>"; };
		ADDE20805B923D7B68078EC8 /* Pods_PairChecker_PairCheckerUITests.framework */ = {isa = PBXFileReference; explicitFileType = wrapper.framework; includeInIndex = 0; path = Pods_PairChecker_PairCheckerUITests.framework; sourceTree = BUILT_PRODUCTS_DIR; };
		AE12F5544032701BB42B5AFC /* Pods_PairChecker.framework */ = {isa = PBXFileReference; explicitFileType = wrapper.framework; includeInIndex = 0; path = Pods_PairChecker.framework; sourceTree = BUILT_PRODUCTS_DIR; };
		B71FA278DC3DAB2E62E6DC30 /* Pods-PairCheckerTests.debug.xcconfig */ = {isa = PBXFileReference; includeInIndex = 1; lastKnownFileType = text.xcconfig; name = "Pods-PairCheckerTests.debug.xcconfig"; path = "Target Support Files/Pods-PairCheckerTests/Pods-PairCheckerTests.debug.xcconfig"; sourceTree = "<group>"; };
		C215EC4424691E6BB50B78A5 /* Pods-PairChecker-PairCheckerUITests.release.xcconfig */ = {isa = PBXFileReference; includeInIndex = 1; lastKnownFileType = text.xcconfig; name = "Pods-PairChecker-PairCheckerUITests.release.xcconfig"; path = "Target Support Files/Pods-PairChecker-PairCheckerUITests/Pods-PairChecker-PairCheckerUITests.release.xcconfig"; sourceTree = "<group>"; };
		EC5E267627D34B9A00C29631 /* String+.swift */ = {isa = PBXFileReference; lastKnownFileType = sourcecode.swift; path = "String+.swift"; sourceTree = "<group>"; };
		EC5E267B27D34F3A00C29631 /* SignChecker.swift */ = {isa = PBXFileReference; lastKnownFileType = sourcecode.swift; path = SignChecker.swift; sourceTree = "<group>"; };
		EC5E268427D3554D00C29631 /* MainViewController.swift */ = {isa = PBXFileReference; lastKnownFileType = sourcecode.swift; path = MainViewController.swift; sourceTree = "<group>"; };
		EC5E268727D355C900C29631 /* MainViewModel.swift */ = {isa = PBXFileReference; lastKnownFileType = sourcecode.swift; path = MainViewModel.swift; sourceTree = "<group>"; };
		EC5E268C27D3578700C29631 /* CardCollectionViewCell.swift */ = {isa = PBXFileReference; lastKnownFileType = sourcecode.swift; path = CardCollectionViewCell.swift; sourceTree = "<group>"; };
		EC5E268D27D3578700C29631 /* CardCollectionViewCell.xib */ = {isa = PBXFileReference; lastKnownFileType = file.xib; path = CardCollectionViewCell.xib; sourceTree = "<group>"; };
		EC5E269127D3581500C29631 /* UICollectionView+.swift */ = {isa = PBXFileReference; lastKnownFileType = sourcecode.swift; path = "UICollectionView+.swift"; sourceTree = "<group>"; };
		EC5E269427D3583700C29631 /* UIView+.swift */ = {isa = PBXFileReference; lastKnownFileType = sourcecode.swift; path = "UIView+.swift"; sourceTree = "<group>"; };
		EC899A8627F6BAAD00F343EA /* BackCardView.swift */ = {isa = PBXFileReference; lastKnownFileType = sourcecode.swift; path = BackCardView.swift; sourceTree = "<group>"; };
		EC8AAA4927D6398A0022CDA7 /* MBTIChecker.swift */ = {isa = PBXFileReference; lastKnownFileType = sourcecode.swift; path = MBTIChecker.swift; sourceTree = "<group>"; };
		EC8AAA4F27D640BE0022CDA7 /* BloodTypeChecker.swift */ = {isa = PBXFileReference; lastKnownFileType = sourcecode.swift; path = BloodTypeChecker.swift; sourceTree = "<group>"; };
		EC8C7AA527FC750D0084492B /* AddPerson.storyboard */ = {isa = PBXFileReference; lastKnownFileType = file.storyboard; path = AddPerson.storyboard; sourceTree = "<group>"; };
		EC8C7AA727FC752E0084492B /* AddPersonViewController.swift */ = {isa = PBXFileReference; lastKnownFileType = sourcecode.swift; path = AddPersonViewController.swift; sourceTree = "<group>"; };
		EC8C7AA927FEC93C0084492B /* PairComponentTableViewCellDelegate.swift */ = {isa = PBXFileReference; lastKnownFileType = sourcecode.swift; path = PairComponentTableViewCellDelegate.swift; sourceTree = "<group>"; };
		EC8C7AAB27FEF7F30084492B /* Onboarding.storyboard */ = {isa = PBXFileReference; lastKnownFileType = file.storyboard; path = Onboarding.storyboard; sourceTree = "<group>"; };
		EC8C7AAD27FEFF890084492B /* OnboardingViewController.swift */ = {isa = PBXFileReference; lastKnownFileType = sourcecode.swift; path = OnboardingViewController.swift; sourceTree = "<group>"; };
		EC8C7AAF27FF05890084492B /* DeviceInfo.swift */ = {isa = PBXFileReference; lastKnownFileType = sourcecode.swift; path = DeviceInfo.swift; sourceTree = "<group>"; };
		EC8C7AB127FF14A90084492B /* OnboardingViewModel.swift */ = {isa = PBXFileReference; lastKnownFileType = sourcecode.swift; path = OnboardingViewModel.swift; sourceTree = "<group>"; };
		EC8F34FC27FB077400B11CCF /* PairCheckNavigationController.swift */ = {isa = PBXFileReference; lastKnownFileType = sourcecode.swift; path = PairCheckNavigationController.swift; sourceTree = "<group>"; };
		EC8F34FE27FB0A0800B11CCF /* PairCheckViewModel.swift */ = {isa = PBXFileReference; lastKnownFileType = sourcecode.swift; path = PairCheckViewModel.swift; sourceTree = "<group>"; };
		EC8F350227FB0E8800B11CCF /* PairComponentSelectViewController.swift */ = {isa = PBXFileReference; lastKnownFileType = sourcecode.swift; path = PairComponentSelectViewController.swift; sourceTree = "<group>"; };
		EC8F350427FB274800B11CCF /* PairComponentTableViewCell.swift */ = {isa = PBXFileReference; lastKnownFileType = sourcecode.swift; path = PairComponentTableViewCell.swift; sourceTree = "<group>"; };
		EC8F350527FB274800B11CCF /* PairComponentTableViewCell.xib */ = {isa = PBXFileReference; lastKnownFileType = file.xib; path = PairComponentTableViewCell.xib; sourceTree = "<group>"; };
		EC8FB2B82801BC0C0073DD5F /* AddPersonViewModel.swift */ = {isa = PBXFileReference; lastKnownFileType = sourcecode.swift; path = AddPersonViewModel.swift; sourceTree = "<group>"; };
		ECA522D327F1DE290004B8D2 /* PairCheck.storyboard */ = {isa = PBXFileReference; lastKnownFileType = file.storyboard; path = PairCheck.storyboard; sourceTree = "<group>"; };
		ECA522D527F1DE3F0004B8D2 /* PersonSelectViewController.swift */ = {isa = PBXFileReference; lastKnownFileType = sourcecode.swift; path = PersonSelectViewController.swift; sourceTree = "<group>"; };
		ECA522D727F1E0180004B8D2 /* PeopleSelectCollectionViewCell.swift */ = {isa = PBXFileReference; lastKnownFileType = sourcecode.swift; path = PeopleSelectCollectionViewCell.swift; sourceTree = "<group>"; };
		ECA522D827F1E0180004B8D2 /* PeopleSelectCollectionViewCell.xib */ = {isa = PBXFileReference; lastKnownFileType = file.xib; path = PeopleSelectCollectionViewCell.xib; sourceTree = "<group>"; };
		ECA522DB27F1E19C0004B8D2 /* PeopleSelectViewModel.swift */ = {isa = PBXFileReference; lastKnownFileType = sourcecode.swift; path = PeopleSelectViewModel.swift; sourceTree = "<group>"; };
		ECA522DF27F1E4810004B8D2 /* MainViewDelegate.swift */ = {isa = PBXFileReference; lastKnownFileType = sourcecode.swift; path = MainViewDelegate.swift; sourceTree = "<group>"; };
		ECA522E227F1F2FF0004B8D2 /* PeopleSelectionCollectionViewFlowLayout.swift */ = {isa = PBXFileReference; lastKnownFileType = sourcecode.swift; path = PeopleSelectionCollectionViewFlowLayout.swift; sourceTree = "<group>"; };
		ECA57C1527ED6CFC00002758 /* NotificationCenter+.swift */ = {isa = PBXFileReference; lastKnownFileType = sourcecode.swift; path = "NotificationCenter+.swift"; sourceTree = "<group>"; };
		ECA57C1B27EED91000002758 /* CardCollectionViewBackCellViewModel.swift */ = {isa = PBXFileReference; lastKnownFileType = sourcecode.swift; path = CardCollectionViewBackCellViewModel.swift; sourceTree = "<group>"; };
		ECA6562827EC9B7600B14966 /* UIColor+.swift */ = {isa = PBXFileReference; lastKnownFileType = sourcecode.swift; path = "UIColor+.swift"; sourceTree = "<group>"; };
		ECA6562B27ECBE0700B14966 /* MainText.swift */ = {isa = PBXFileReference; lastKnownFileType = sourcecode.swift; path = MainText.swift; sourceTree = "<group>"; };
		ECA6562D27ECC39700B14966 /* Animal.swift */ = {isa = PBXFileReference; lastKnownFileType = sourcecode.swift; path = Animal.swift; sourceTree = "<group>"; };
		ECA6562F27ECC4FF00B14966 /* ThemeColor.swift */ = {isa = PBXFileReference; lastKnownFileType = sourcecode.swift; path = ThemeColor.swift; sourceTree = "<group>"; };
		ECA6563127ECC68500B14966 /* CardCollectionViewCellViewModel.swift */ = {isa = PBXFileReference; lastKnownFileType = sourcecode.swift; path = CardCollectionViewCellViewModel.swift; sourceTree = "<group>"; };
		ECA6563327ECC6D300B14966 /* Person.swift */ = {isa = PBXFileReference; lastKnownFileType = sourcecode.swift; path = Person.swift; sourceTree = "<group>"; };
		ECBFC8B127F0B4B200B9E917 /* UserManager.swift */ = {isa = PBXFileReference; lastKnownFileType = sourcecode.swift; path = UserManager.swift; sourceTree = "<group>"; };
		ECBFC8B327F0B5C100B9E917 /* UserDefaultKeys.swift */ = {isa = PBXFileReference; lastKnownFileType = sourcecode.swift; path = UserDefaultKeys.swift; sourceTree = "<group>"; };
		ECBFC8B527F0B65200B9E917 /* UserDefaultsWrapper.swift */ = {isa = PBXFileReference; lastKnownFileType = sourcecode.swift; path = UserDefaultsWrapper.swift; sourceTree = "<group>"; };
		ECBFC8B927F0C03300B9E917 /* PeopleList.storyboard */ = {isa = PBXFileReference; lastKnownFileType = file.storyboard; path = PeopleList.storyboard; sourceTree = "<group>"; };
		ECBFC8BB27F0C04900B9E917 /* PeopleListViewController.swift */ = {isa = PBXFileReference; lastKnownFileType = sourcecode.swift; path = PeopleListViewController.swift; sourceTree = "<group>"; };
		ECBFC8BD27F0C2E100B9E917 /* UIControl+.swift */ = {isa = PBXFileReference; lastKnownFileType = sourcecode.swift; path = "UIControl+.swift"; sourceTree = "<group>"; };
		ECBFC8BF27F0C47700B9E917 /* StoryBoardNames.swift */ = {isa = PBXFileReference; lastKnownFileType = sourcecode.swift; path = StoryBoardNames.swift; sourceTree = "<group>"; };
		ECBFC8C127F0C4EA00B9E917 /* UIViewController+.swift */ = {isa = PBXFileReference; lastKnownFileType = sourcecode.swift; path = "UIViewController+.swift"; sourceTree = "<group>"; };
		ECBFC8C327F0C8E600B9E917 /* PeopleListViewModel.swift */ = {isa = PBXFileReference; lastKnownFileType = sourcecode.swift; path = PeopleListViewModel.swift; sourceTree = "<group>"; };
		ECBFC8C627F0CAD000B9E917 /* MainListTableViewCell.swift */ = {isa = PBXFileReference; lastKnownFileType = sourcecode.swift; path = MainListTableViewCell.swift; sourceTree = "<group>"; };
		ECBFC8C727F0CAD000B9E917 /* MainListTableViewCell.xib */ = {isa = PBXFileReference; lastKnownFileType = file.xib; path = MainListTableViewCell.xib; sourceTree = "<group>"; };
		ECBFC8CA27F0CFE900B9E917 /* UITableView+.swift */ = {isa = PBXFileReference; lastKnownFileType = sourcecode.swift; path = "UITableView+.swift"; sourceTree = "<group>"; };
		ECBFC8CC27F0D0E500B9E917 /* MainListTableViewAddCell.swift */ = {isa = PBXFileReference; lastKnownFileType = sourcecode.swift; path = MainListTableViewAddCell.swift; sourceTree = "<group>"; };
		ECBFC8CD27F0D0E500B9E917 /* MainListTableViewAddCell.xib */ = {isa = PBXFileReference; lastKnownFileType = file.xib; path = MainListTableViewAddCell.xib; sourceTree = "<group>"; };
		ECCB785F27B68C66001A0D36 /* PairChecker.app */ = {isa = PBXFileReference; explicitFileType = wrapper.application; includeInIndex = 0; path = PairChecker.app; sourceTree = BUILT_PRODUCTS_DIR; };
		ECCB786227B68C66001A0D36 /* AppDelegate.swift */ = {isa = PBXFileReference; lastKnownFileType = sourcecode.swift; path = AppDelegate.swift; sourceTree = "<group>"; };
		ECCB786427B68C66001A0D36 /* SceneDelegate.swift */ = {isa = PBXFileReference; lastKnownFileType = sourcecode.swift; path = SceneDelegate.swift; sourceTree = "<group>"; };
		ECCB786627B68C66001A0D36 /* ViewController.swift */ = {isa = PBXFileReference; lastKnownFileType = sourcecode.swift; path = ViewController.swift; sourceTree = "<group>"; };
		ECCB786927B68C66001A0D36 /* Base */ = {isa = PBXFileReference; lastKnownFileType = file.storyboard; name = Base; path = Base.lproj/Main.storyboard; sourceTree = "<group>"; };
		ECCB786B27B68C69001A0D36 /* Assets.xcassets */ = {isa = PBXFileReference; lastKnownFileType = folder.assetcatalog; path = Assets.xcassets; sourceTree = "<group>"; };
		ECCB786E27B68C69001A0D36 /* Base */ = {isa = PBXFileReference; lastKnownFileType = file.storyboard; name = Base; path = Base.lproj/LaunchScreen.storyboard; sourceTree = "<group>"; };
		ECCB787027B68C69001A0D36 /* Info.plist */ = {isa = PBXFileReference; lastKnownFileType = text.plist.xml; path = Info.plist; sourceTree = "<group>"; };
		ECCB787527B68C69001A0D36 /* PairCheckerTests.xctest */ = {isa = PBXFileReference; explicitFileType = wrapper.cfbundle; includeInIndex = 0; path = PairCheckerTests.xctest; sourceTree = BUILT_PRODUCTS_DIR; };
		ECCB787927B68C69001A0D36 /* NameCheckerTests.swift */ = {isa = PBXFileReference; lastKnownFileType = sourcecode.swift; path = NameCheckerTests.swift; sourceTree = "<group>"; };
		ECCB787F27B68C69001A0D36 /* PairCheckerUITests.xctest */ = {isa = PBXFileReference; explicitFileType = wrapper.cfbundle; includeInIndex = 0; path = PairCheckerUITests.xctest; sourceTree = BUILT_PRODUCTS_DIR; };
		ECCB788327B68C69001A0D36 /* PairCheckerUITests.swift */ = {isa = PBXFileReference; lastKnownFileType = sourcecode.swift; path = PairCheckerUITests.swift; sourceTree = "<group>"; };
		ECCB788527B68C69001A0D36 /* PairCheckerUITestsLaunchTests.swift */ = {isa = PBXFileReference; lastKnownFileType = sourcecode.swift; path = PairCheckerUITestsLaunchTests.swift; sourceTree = "<group>"; };
		ECCB789227B68CFA001A0D36 /* NameChecker.swift */ = {isa = PBXFileReference; lastKnownFileType = sourcecode.swift; path = NameChecker.swift; sourceTree = "<group>"; };
/* End PBXFileReference section */

/* Begin PBXFrameworksBuildPhase section */
		ECCB785C27B68C66001A0D36 /* Frameworks */ = {
			isa = PBXFrameworksBuildPhase;
			buildActionMask = 2147483647;
			files = (
				41D7E46EA0D7C81E1E732EFE /* Pods_PairChecker.framework in Frameworks */,
			);
			runOnlyForDeploymentPostprocessing = 0;
		};
		ECCB787227B68C69001A0D36 /* Frameworks */ = {
			isa = PBXFrameworksBuildPhase;
			buildActionMask = 2147483647;
			files = (
				483D13BD40E2D6287997FF76 /* Pods_PairCheckerTests.framework in Frameworks */,
			);
			runOnlyForDeploymentPostprocessing = 0;
		};
		ECCB787C27B68C69001A0D36 /* Frameworks */ = {
			isa = PBXFrameworksBuildPhase;
			buildActionMask = 2147483647;
			files = (
				EC98DE9D4BE606DE47E888A2 /* Pods_PairChecker_PairCheckerUITests.framework in Frameworks */,
			);
			runOnlyForDeploymentPostprocessing = 0;
		};
/* End PBXFrameworksBuildPhase section */

/* Begin PBXGroup section */
		5D2730BE83B5F97FF9486788 /* Frameworks */ = {
			isa = PBXGroup;
			children = (
				AE12F5544032701BB42B5AFC /* Pods_PairChecker.framework */,
				ADDE20805B923D7B68078EC8 /* Pods_PairChecker_PairCheckerUITests.framework */,
				2A7F18381B41DED2E27E89DB /* Pods_PairCheckerTests.framework */,
			);
			name = Frameworks;
			sourceTree = "<group>";
		};
		AA71813CF8594DC080A4634F /* Pods */ = {
			isa = PBXGroup;
			children = (
				184000D4FB280C561E644E52 /* Pods-PairChecker.debug.xcconfig */,
				7BA284CCAAD41A9705168957 /* Pods-PairChecker.release.xcconfig */,
				65B1FD610F6C8513F38EF6E8 /* Pods-PairChecker-PairCheckerUITests.debug.xcconfig */,
				C215EC4424691E6BB50B78A5 /* Pods-PairChecker-PairCheckerUITests.release.xcconfig */,
				B71FA278DC3DAB2E62E6DC30 /* Pods-PairCheckerTests.debug.xcconfig */,
				8DB445287CA7A3C2D7CAA89F /* Pods-PairCheckerTests.release.xcconfig */,
			);
			path = Pods;
			sourceTree = "<group>";
		};
		EC5E267927D34EC600C29631 /* Extensions */ = {
			isa = PBXGroup;
			children = (
				EC5E267627D34B9A00C29631 /* String+.swift */,
				EC5E269127D3581500C29631 /* UICollectionView+.swift */,
				ECBFC8CA27F0CFE900B9E917 /* UITableView+.swift */,
				EC5E269427D3583700C29631 /* UIView+.swift */,
				ECA6562827EC9B7600B14966 /* UIColor+.swift */,
				ECA57C1527ED6CFC00002758 /* NotificationCenter+.swift */,
				ECBFC8B327F0B5C100B9E917 /* UserDefaultKeys.swift */,
				ECBFC8B527F0B65200B9E917 /* UserDefaultsWrapper.swift */,
				ECBFC8BD27F0C2E100B9E917 /* UIControl+.swift */,
				ECBFC8C127F0C4EA00B9E917 /* UIViewController+.swift */,
			);
			path = Extensions;
			sourceTree = "<group>";
		};
		EC5E267A27D34ED500C29631 /* Checkers */ = {
			isa = PBXGroup;
			children = (
				ECCB789227B68CFA001A0D36 /* NameChecker.swift */,
				EC5E267B27D34F3A00C29631 /* SignChecker.swift */,
				EC8AAA4927D6398A0022CDA7 /* MBTIChecker.swift */,
				EC8AAA4F27D640BE0022CDA7 /* BloodTypeChecker.swift */,
			);
			path = Checkers;
			sourceTree = "<group>";
		};
		EC5E267E27D354D000C29631 /* ViewControllers */ = {
			isa = PBXGroup;
			children = (
				EC5E268427D3554D00C29631 /* MainViewController.swift */,
				ECBFC8BB27F0C04900B9E917 /* PeopleListViewController.swift */,
				ECA522D527F1DE3F0004B8D2 /* PersonSelectViewController.swift */,
				EC8F34FC27FB077400B11CCF /* PairCheckNavigationController.swift */,
				EC8F350227FB0E8800B11CCF /* PairComponentSelectViewController.swift */,
				EC8C7AA727FC752E0084492B /* AddPersonViewController.swift */,
				EC8C7AAD27FEFF890084492B /* OnboardingViewController.swift */,
			);
			path = ViewControllers;
			sourceTree = "<group>";
		};
		EC5E267F27D354E200C29631 /* ViewModels */ = {
			isa = PBXGroup;
			children = (
				EC5E268727D355C900C29631 /* MainViewModel.swift */,
				ECA6563127ECC68500B14966 /* CardCollectionViewCellViewModel.swift */,
				ECA57C1B27EED91000002758 /* CardCollectionViewBackCellViewModel.swift */,
				ECBFC8C327F0C8E600B9E917 /* PeopleListViewModel.swift */,
				ECA522DB27F1E19C0004B8D2 /* PeopleSelectViewModel.swift */,
				EC8F34FE27FB0A0800B11CCF /* PairCheckViewModel.swift */,
				EC8C7AB127FF14A90084492B /* OnboardingViewModel.swift */,
				EC8FB2B82801BC0C0073DD5F /* AddPersonViewModel.swift */,
			);
			path = ViewModels;
			sourceTree = "<group>";
		};
		EC5E268027D354E800C29631 /* Storyboards */ = {
			isa = PBXGroup;
			children = (
				ECCB786827B68C66001A0D36 /* Main.storyboard */,
				ECBFC8B927F0C03300B9E917 /* PeopleList.storyboard */,
				ECA522D327F1DE290004B8D2 /* PairCheck.storyboard */,
				EC8C7AA527FC750D0084492B /* AddPerson.storyboard */,
				ECBFC8BF27F0C47700B9E917 /* StoryBoardNames.swift */,
				EC8C7AAB27FEF7F30084492B /* Onboarding.storyboard */,
			);
			path = Storyboards;
			sourceTree = "<group>";
		};
		EC5E268A27D3575800C29631 /* Cells */ = {
			isa = PBXGroup;
			children = (
				ECBFC8C527F0CAB100B9E917 /* TableViewCells */,
				EC5E268B27D3575D00C29631 /* CollectionViewCells */,
			);
			path = Cells;
			sourceTree = "<group>";
		};
		EC5E268B27D3575D00C29631 /* CollectionViewCells */ = {
			isa = PBXGroup;
			children = (
				ECA522E127F1F2D80004B8D2 /* CollectionViewFlowLayouts */,
				ECA522D727F1E0180004B8D2 /* PeopleSelectCollectionViewCell.swift */,
				EC5E268C27D3578700C29631 /* CardCollectionViewCell.swift */,
			);
			path = CollectionViewCells;
			sourceTree = "<group>";
		};
		EC5E269027D3578E00C29631 /* Xibs */ = {
			isa = PBXGroup;
			children = (
				ECBFC8D127F0D0F500B9E917 /* TableViewCell */,
				ECBFC8D027F0D0EC00B9E917 /* CollectionVIewCell */,
			);
			path = Xibs;
			sourceTree = "<group>";
		};
		EC899A8527F6BA9F00F343EA /* CustomViews */ = {
			isa = PBXGroup;
			children = (
				EC899A8627F6BAAD00F343EA /* BackCardView.swift */,
			);
			path = CustomViews;
			sourceTree = "<group>";
		};
		ECA522DD27F1E4550004B8D2 /* Protocols */ = {
			isa = PBXGroup;
			children = (
				ECA522DE27F1E45C0004B8D2 /* Delegates */,
			);
			path = Protocols;
			sourceTree = "<group>";
		};
		ECA522DE27F1E45C0004B8D2 /* Delegates */ = {
			isa = PBXGroup;
			children = (
				ECA522DF27F1E4810004B8D2 /* MainViewDelegate.swift */,
				EC8C7AA927FEC93C0084492B /* PairComponentTableViewCellDelegate.swift */,
			);
			path = Delegates;
			sourceTree = "<group>";
		};
		ECA522E127F1F2D80004B8D2 /* CollectionViewFlowLayouts */ = {
			isa = PBXGroup;
			children = (
				ECA522E227F1F2FF0004B8D2 /* PeopleSelectionCollectionViewFlowLayout.swift */,
			);
			path = CollectionViewFlowLayouts;
			sourceTree = "<group>";
		};
		ECA6562A27ECBDF400B14966 /* Models */ = {
			isa = PBXGroup;
			children = (
				ECA6562B27ECBE0700B14966 /* MainText.swift */,
				ECA6562D27ECC39700B14966 /* Animal.swift */,
				ECA6562F27ECC4FF00B14966 /* ThemeColor.swift */,
				ECA6563327ECC6D300B14966 /* Person.swift */,
			);
			path = Models;
			sourceTree = "<group>";
		};
		ECBFC8B027F0B49900B9E917 /* CustomClass */ = {
			isa = PBXGroup;
			children = (
				ECBFC8B127F0B4B200B9E917 /* UserManager.swift */,
				EC8C7AAF27FF05890084492B /* DeviceInfo.swift */,
			);
			path = CustomClass;
			sourceTree = "<group>";
		};
		ECBFC8C527F0CAB100B9E917 /* TableViewCells */ = {
			isa = PBXGroup;
			children = (
				ECBFC8C627F0CAD000B9E917 /* MainListTableViewCell.swift */,
				ECBFC8CC27F0D0E500B9E917 /* MainListTableViewAddCell.swift */,
				EC8F350427FB274800B11CCF /* PairComponentTableViewCell.swift */,
			);
			path = TableViewCells;
			sourceTree = "<group>";
		};
		ECBFC8D027F0D0EC00B9E917 /* CollectionVIewCell */ = {
			isa = PBXGroup;
			children = (
				EC5E268D27D3578700C29631 /* CardCollectionViewCell.xib */,
				ECA522D827F1E0180004B8D2 /* PeopleSelectCollectionViewCell.xib */,
			);
			path = CollectionVIewCell;
			sourceTree = "<group>";
		};
		ECBFC8D127F0D0F500B9E917 /* TableViewCell */ = {
			isa = PBXGroup;
			children = (
				ECBFC8C727F0CAD000B9E917 /* MainListTableViewCell.xib */,
				ECBFC8CD27F0D0E500B9E917 /* MainListTableViewAddCell.xib */,
				EC8F350527FB274800B11CCF /* PairComponentTableViewCell.xib */,
			);
			path = TableViewCell;
			sourceTree = "<group>";
		};
		ECCB785627B68C66001A0D36 = {
			isa = PBXGroup;
			children = (
				ECCB786127B68C66001A0D36 /* PairChecker */,
				ECCB787827B68C69001A0D36 /* PairCheckerTests */,
				ECCB788227B68C69001A0D36 /* PairCheckerUITests */,
				ECCB786027B68C66001A0D36 /* Products */,
				AA71813CF8594DC080A4634F /* Pods */,
				5D2730BE83B5F97FF9486788 /* Frameworks */,
			);
			sourceTree = "<group>";
		};
		ECCB786027B68C66001A0D36 /* Products */ = {
			isa = PBXGroup;
			children = (
				ECCB785F27B68C66001A0D36 /* PairChecker.app */,
				ECCB787527B68C69001A0D36 /* PairCheckerTests.xctest */,
				ECCB787F27B68C69001A0D36 /* PairCheckerUITests.xctest */,
			);
			name = Products;
			sourceTree = "<group>";
		};
		ECCB786127B68C66001A0D36 /* PairChecker */ = {
			isa = PBXGroup;
			children = (
				EC899A8527F6BA9F00F343EA /* CustomViews */,
				ECA522DD27F1E4550004B8D2 /* Protocols */,
				ECBFC8B027F0B49900B9E917 /* CustomClass */,
				ECA6562A27ECBDF400B14966 /* Models */,
				EC5E269027D3578E00C29631 /* Xibs */,
				EC5E268A27D3575800C29631 /* Cells */,
				EC5E268027D354E800C29631 /* Storyboards */,
				EC5E267E27D354D000C29631 /* ViewControllers */,
				EC5E267F27D354E200C29631 /* ViewModels */,
				EC5E267A27D34ED500C29631 /* Checkers */,
				EC5E267927D34EC600C29631 /* Extensions */,
				ECCB786227B68C66001A0D36 /* AppDelegate.swift */,
				ECCB786427B68C66001A0D36 /* SceneDelegate.swift */,
				ECCB786627B68C66001A0D36 /* ViewController.swift */,
				ECCB786B27B68C69001A0D36 /* Assets.xcassets */,
				ECCB786D27B68C69001A0D36 /* LaunchScreen.storyboard */,
				ECCB787027B68C69001A0D36 /* Info.plist */,
			);
			path = PairChecker;
			sourceTree = "<group>";
		};
		ECCB787827B68C69001A0D36 /* PairCheckerTests */ = {
			isa = PBXGroup;
			children = (
				ECCB787927B68C69001A0D36 /* NameCheckerTests.swift */,
			);
			path = PairCheckerTests;
			sourceTree = "<group>";
		};
		ECCB788227B68C69001A0D36 /* PairCheckerUITests */ = {
			isa = PBXGroup;
			children = (
				ECCB788327B68C69001A0D36 /* PairCheckerUITests.swift */,
				ECCB788527B68C69001A0D36 /* PairCheckerUITestsLaunchTests.swift */,
			);
			path = PairCheckerUITests;
			sourceTree = "<group>";
		};
/* End PBXGroup section */

/* Begin PBXNativeTarget section */
		ECCB785E27B68C66001A0D36 /* PairChecker */ = {
			isa = PBXNativeTarget;
			buildConfigurationList = ECCB788927B68C69001A0D36 /* Build configuration list for PBXNativeTarget "PairChecker" */;
			buildPhases = (
				7BA2203403B32538DDECA27B /* [CP] Check Pods Manifest.lock */,
				ECCB785B27B68C66001A0D36 /* Sources */,
				ECCB785C27B68C66001A0D36 /* Frameworks */,
				ECCB785D27B68C66001A0D36 /* Resources */,
				7DAAAD481B9D1CD92ED7723F /* [CP] Embed Pods Frameworks */,
			);
			buildRules = (
			);
			dependencies = (
			);
			name = PairChecker;
			productName = PairChecker;
			productReference = ECCB785F27B68C66001A0D36 /* PairChecker.app */;
			productType = "com.apple.product-type.application";
		};
		ECCB787427B68C69001A0D36 /* PairCheckerTests */ = {
			isa = PBXNativeTarget;
			buildConfigurationList = ECCB788C27B68C69001A0D36 /* Build configuration list for PBXNativeTarget "PairCheckerTests" */;
			buildPhases = (
				11DDBF2194089B96A40C3AFE /* [CP] Check Pods Manifest.lock */,
				ECCB787127B68C69001A0D36 /* Sources */,
				ECCB787227B68C69001A0D36 /* Frameworks */,
				ECCB787327B68C69001A0D36 /* Resources */,
			);
			buildRules = (
			);
			dependencies = (
				ECCB787727B68C69001A0D36 /* PBXTargetDependency */,
			);
			name = PairCheckerTests;
			productName = PairCheckerTests;
			productReference = ECCB787527B68C69001A0D36 /* PairCheckerTests.xctest */;
			productType = "com.apple.product-type.bundle.unit-test";
		};
		ECCB787E27B68C69001A0D36 /* PairCheckerUITests */ = {
			isa = PBXNativeTarget;
			buildConfigurationList = ECCB788F27B68C69001A0D36 /* Build configuration list for PBXNativeTarget "PairCheckerUITests" */;
			buildPhases = (
				C4DF69FD621506B1E95C54E5 /* [CP] Check Pods Manifest.lock */,
				ECCB787B27B68C69001A0D36 /* Sources */,
				ECCB787C27B68C69001A0D36 /* Frameworks */,
				ECCB787D27B68C69001A0D36 /* Resources */,
				B1DEB49A2B2F57C9F411529C /* [CP] Embed Pods Frameworks */,
			);
			buildRules = (
			);
			dependencies = (
				ECCB788127B68C69001A0D36 /* PBXTargetDependency */,
			);
			name = PairCheckerUITests;
			productName = PairCheckerUITests;
			productReference = ECCB787F27B68C69001A0D36 /* PairCheckerUITests.xctest */;
			productType = "com.apple.product-type.bundle.ui-testing";
		};
/* End PBXNativeTarget section */

/* Begin PBXProject section */
		ECCB785727B68C66001A0D36 /* Project object */ = {
			isa = PBXProject;
			attributes = {
				BuildIndependentTargetsInParallel = 1;
				LastSwiftUpdateCheck = 1320;
				LastUpgradeCheck = 1320;
				TargetAttributes = {
					ECCB785E27B68C66001A0D36 = {
						CreatedOnToolsVersion = 13.2.1;
					};
					ECCB787427B68C69001A0D36 = {
						CreatedOnToolsVersion = 13.2.1;
						TestTargetID = ECCB785E27B68C66001A0D36;
					};
					ECCB787E27B68C69001A0D36 = {
						CreatedOnToolsVersion = 13.2.1;
						TestTargetID = ECCB785E27B68C66001A0D36;
					};
				};
			};
			buildConfigurationList = ECCB785A27B68C66001A0D36 /* Build configuration list for PBXProject "PairChecker" */;
			compatibilityVersion = "Xcode 13.0";
			developmentRegion = en;
			hasScannedForEncodings = 0;
			knownRegions = (
				en,
				Base,
			);
			mainGroup = ECCB785627B68C66001A0D36;
			productRefGroup = ECCB786027B68C66001A0D36 /* Products */;
			projectDirPath = "";
			projectRoot = "";
			targets = (
				ECCB785E27B68C66001A0D36 /* PairChecker */,
				ECCB787427B68C69001A0D36 /* PairCheckerTests */,
				ECCB787E27B68C69001A0D36 /* PairCheckerUITests */,
			);
		};
/* End PBXProject section */

/* Begin PBXResourcesBuildPhase section */
		ECCB785D27B68C66001A0D36 /* Resources */ = {
			isa = PBXResourcesBuildPhase;
			buildActionMask = 2147483647;
			files = (
				ECA522D427F1DE290004B8D2 /* PairCheck.storyboard in Resources */,
				ECBFC8C927F0CAD000B9E917 /* MainListTableViewCell.xib in Resources */,
				ECBFC8CF27F0D0E500B9E917 /* MainListTableViewAddCell.xib in Resources */,
				EC8C7AAC27FEF7F30084492B /* Onboarding.storyboard in Resources */,
				EC5E268F27D3578700C29631 /* CardCollectionViewCell.xib in Resources */,
				ECCB786F27B68C69001A0D36 /* LaunchScreen.storyboard in Resources */,
				ECBFC8BA27F0C03300B9E917 /* PeopleList.storyboard in Resources */,
				ECCB786C27B68C69001A0D36 /* Assets.xcassets in Resources */,
				EC8F350727FB274800B11CCF /* PairComponentTableViewCell.xib in Resources */,
				ECCB786A27B68C66001A0D36 /* Main.storyboard in Resources */,
				EC8C7AA627FC750D0084492B /* AddPerson.storyboard in Resources */,
				ECA522DA27F1E0180004B8D2 /* PeopleSelectCollectionViewCell.xib in Resources */,
			);
			runOnlyForDeploymentPostprocessing = 0;
		};
		ECCB787327B68C69001A0D36 /* Resources */ = {
			isa = PBXResourcesBuildPhase;
			buildActionMask = 2147483647;
			files = (
			);
			runOnlyForDeploymentPostprocessing = 0;
		};
		ECCB787D27B68C69001A0D36 /* Resources */ = {
			isa = PBXResourcesBuildPhase;
			buildActionMask = 2147483647;
			files = (
			);
			runOnlyForDeploymentPostprocessing = 0;
		};
/* End PBXResourcesBuildPhase section */

/* Begin PBXShellScriptBuildPhase section */
		11DDBF2194089B96A40C3AFE /* [CP] Check Pods Manifest.lock */ = {
			isa = PBXShellScriptBuildPhase;
			buildActionMask = 2147483647;
			files = (
			);
			inputFileListPaths = (
			);
			inputPaths = (
				"${PODS_PODFILE_DIR_PATH}/Podfile.lock",
				"${PODS_ROOT}/Manifest.lock",
			);
			name = "[CP] Check Pods Manifest.lock";
			outputFileListPaths = (
			);
			outputPaths = (
				"$(DERIVED_FILE_DIR)/Pods-PairCheckerTests-checkManifestLockResult.txt",
			);
			runOnlyForDeploymentPostprocessing = 0;
			shellPath = /bin/sh;
			shellScript = "diff \"${PODS_PODFILE_DIR_PATH}/Podfile.lock\" \"${PODS_ROOT}/Manifest.lock\" > /dev/null\nif [ $? != 0 ] ; then\n    # print error to STDERR\n    echo \"error: The sandbox is not in sync with the Podfile.lock. Run 'pod install' or update your CocoaPods installation.\" >&2\n    exit 1\nfi\n# This output is used by Xcode 'outputs' to avoid re-running this script phase.\necho \"SUCCESS\" > \"${SCRIPT_OUTPUT_FILE_0}\"\n";
			showEnvVarsInLog = 0;
		};
		7BA2203403B32538DDECA27B /* [CP] Check Pods Manifest.lock */ = {
			isa = PBXShellScriptBuildPhase;
			buildActionMask = 2147483647;
			files = (
			);
			inputFileListPaths = (
			);
			inputPaths = (
				"${PODS_PODFILE_DIR_PATH}/Podfile.lock",
				"${PODS_ROOT}/Manifest.lock",
			);
			name = "[CP] Check Pods Manifest.lock";
			outputFileListPaths = (
			);
			outputPaths = (
				"$(DERIVED_FILE_DIR)/Pods-PairChecker-checkManifestLockResult.txt",
			);
			runOnlyForDeploymentPostprocessing = 0;
			shellPath = /bin/sh;
			shellScript = "diff \"${PODS_PODFILE_DIR_PATH}/Podfile.lock\" \"${PODS_ROOT}/Manifest.lock\" > /dev/null\nif [ $? != 0 ] ; then\n    # print error to STDERR\n    echo \"error: The sandbox is not in sync with the Podfile.lock. Run 'pod install' or update your CocoaPods installation.\" >&2\n    exit 1\nfi\n# This output is used by Xcode 'outputs' to avoid re-running this script phase.\necho \"SUCCESS\" > \"${SCRIPT_OUTPUT_FILE_0}\"\n";
			showEnvVarsInLog = 0;
		};
		7DAAAD481B9D1CD92ED7723F /* [CP] Embed Pods Frameworks */ = {
			isa = PBXShellScriptBuildPhase;
			buildActionMask = 2147483647;
			files = (
			);
			inputFileListPaths = (
				"${PODS_ROOT}/Target Support Files/Pods-PairChecker/Pods-PairChecker-frameworks-${CONFIGURATION}-input-files.xcfilelist",
			);
			name = "[CP] Embed Pods Frameworks";
			outputFileListPaths = (
				"${PODS_ROOT}/Target Support Files/Pods-PairChecker/Pods-PairChecker-frameworks-${CONFIGURATION}-output-files.xcfilelist",
			);
			runOnlyForDeploymentPostprocessing = 0;
			shellPath = /bin/sh;
			shellScript = "\"${PODS_ROOT}/Target Support Files/Pods-PairChecker/Pods-PairChecker-frameworks.sh\"\n";
			showEnvVarsInLog = 0;
		};
		B1DEB49A2B2F57C9F411529C /* [CP] Embed Pods Frameworks */ = {
			isa = PBXShellScriptBuildPhase;
			buildActionMask = 2147483647;
			files = (
			);
			inputFileListPaths = (
				"${PODS_ROOT}/Target Support Files/Pods-PairChecker-PairCheckerUITests/Pods-PairChecker-PairCheckerUITests-frameworks-${CONFIGURATION}-input-files.xcfilelist",
			);
			name = "[CP] Embed Pods Frameworks";
			outputFileListPaths = (
				"${PODS_ROOT}/Target Support Files/Pods-PairChecker-PairCheckerUITests/Pods-PairChecker-PairCheckerUITests-frameworks-${CONFIGURATION}-output-files.xcfilelist",
			);
			runOnlyForDeploymentPostprocessing = 0;
			shellPath = /bin/sh;
			shellScript = "\"${PODS_ROOT}/Target Support Files/Pods-PairChecker-PairCheckerUITests/Pods-PairChecker-PairCheckerUITests-frameworks.sh\"\n";
			showEnvVarsInLog = 0;
		};
		C4DF69FD621506B1E95C54E5 /* [CP] Check Pods Manifest.lock */ = {
			isa = PBXShellScriptBuildPhase;
			buildActionMask = 2147483647;
			files = (
			);
			inputFileListPaths = (
			);
			inputPaths = (
				"${PODS_PODFILE_DIR_PATH}/Podfile.lock",
				"${PODS_ROOT}/Manifest.lock",
			);
			name = "[CP] Check Pods Manifest.lock";
			outputFileListPaths = (
			);
			outputPaths = (
				"$(DERIVED_FILE_DIR)/Pods-PairChecker-PairCheckerUITests-checkManifestLockResult.txt",
			);
			runOnlyForDeploymentPostprocessing = 0;
			shellPath = /bin/sh;
			shellScript = "diff \"${PODS_PODFILE_DIR_PATH}/Podfile.lock\" \"${PODS_ROOT}/Manifest.lock\" > /dev/null\nif [ $? != 0 ] ; then\n    # print error to STDERR\n    echo \"error: The sandbox is not in sync with the Podfile.lock. Run 'pod install' or update your CocoaPods installation.\" >&2\n    exit 1\nfi\n# This output is used by Xcode 'outputs' to avoid re-running this script phase.\necho \"SUCCESS\" > \"${SCRIPT_OUTPUT_FILE_0}\"\n";
			showEnvVarsInLog = 0;
		};
/* End PBXShellScriptBuildPhase section */

/* Begin PBXSourcesBuildPhase section */
		ECCB785B27B68C66001A0D36 /* Sources */ = {
			isa = PBXSourcesBuildPhase;
			buildActionMask = 2147483647;
			files = (
				ECA522E327F1F3000004B8D2 /* PeopleSelectionCollectionViewFlowLayout.swift in Sources */,
				EC5E268527D3554D00C29631 /* MainViewController.swift in Sources */,
				ECCB786727B68C66001A0D36 /* ViewController.swift in Sources */,
				ECCB786327B68C66001A0D36 /* AppDelegate.swift in Sources */,
				EC5E267727D34B9A00C29631 /* String+.swift in Sources */,
				EC5E269227D3581500C29631 /* UICollectionView+.swift in Sources */,
				ECCB789327B68CFA001A0D36 /* NameChecker.swift in Sources */,
				EC8C7AAE27FEFF890084492B /* OnboardingViewController.swift in Sources */,
				ECBFC8BE27F0C2E100B9E917 /* UIControl+.swift in Sources */,
				ECBFC8C427F0C8E600B9E917 /* PeopleListViewModel.swift in Sources */,
				ECBFC8B227F0B4B200B9E917 /* UserManager.swift in Sources */,
				ECA6562C27ECBE0700B14966 /* MainText.swift in Sources */,
				ECBFC8C827F0CAD000B9E917 /* MainListTableViewCell.swift in Sources */,
				EC8C7AB227FF14A90084492B /* OnboardingViewModel.swift in Sources */,
				ECBFC8B427F0B5C100B9E917 /* UserDefaultKeys.swift in Sources */,
				EC8FB2B92801BC0C0073DD5F /* AddPersonViewModel.swift in Sources */,
				EC8AAA5027D640BE0022CDA7 /* BloodTypeChecker.swift in Sources */,
				ECA6563027ECC4FF00B14966 /* ThemeColor.swift in Sources */,
				ECBFC8CE27F0D0E500B9E917 /* MainListTableViewAddCell.swift in Sources */,
				EC8C7AB027FF05890084492B /* DeviceInfo.swift in Sources */,
				ECA522DC27F1E19C0004B8D2 /* PeopleSelectViewModel.swift in Sources */,
				EC5E267C27D34F3A00C29631 /* SignChecker.swift in Sources */,
				EC8C7AA827FC752E0084492B /* AddPersonViewController.swift in Sources */,
				ECA6562E27ECC39700B14966 /* Animal.swift in Sources */,
				ECBFC8BC27F0C04900B9E917 /* PeopleListViewController.swift in Sources */,
				ECA6563227ECC68500B14966 /* CardCollectionViewCellViewModel.swift in Sources */,
				EC8F350327FB0E8800B11CCF /* PairComponentSelectViewController.swift in Sources */,
				ECCB786527B68C66001A0D36 /* SceneDelegate.swift in Sources */,
				ECA522D627F1DE3F0004B8D2 /* PersonSelectViewController.swift in Sources */,
				EC5E269527D3583700C29631 /* UIView+.swift in Sources */,
				ECBFC8B627F0B65200B9E917 /* UserDefaultsWrapper.swift in Sources */,
				EC8F350627FB274800B11CCF /* PairComponentTableViewCell.swift in Sources */,
				EC8F34FF27FB0A0800B11CCF /* PairCheckViewModel.swift in Sources */,
				ECA57C1C27EED91000002758 /* CardCollectionViewBackCellViewModel.swift in Sources */,
				ECA6563427ECC6D300B14966 /* Person.swift in Sources */,
				ECA57C1627ED6CFC00002758 /* NotificationCenter+.swift in Sources */,
				EC5E268E27D3578700C29631 /* CardCollectionViewCell.swift in Sources */,
				ECBFC8CB27F0CFE900B9E917 /* UITableView+.swift in Sources */,
				ECBFC8C227F0C4EA00B9E917 /* UIViewController+.swift in Sources */,
				EC5E268827D355C900C29631 /* MainViewModel.swift in Sources */,
				EC8C7AAA27FEC93C0084492B /* PairComponentTableViewCellDelegate.swift in Sources */,
				ECA522D927F1E0180004B8D2 /* PeopleSelectCollectionViewCell.swift in Sources */,
				ECBFC8C027F0C47700B9E917 /* StoryBoardNames.swift in Sources */,
				ECA522E027F1E4810004B8D2 /* MainViewDelegate.swift in Sources */,
				EC8F34FD27FB077400B11CCF /* PairCheckNavigationController.swift in Sources */,
				EC8AAA4A27D6398A0022CDA7 /* MBTIChecker.swift in Sources */,
				EC899A8727F6BAAD00F343EA /* BackCardView.swift in Sources */,
				ECA6562927EC9B7600B14966 /* UIColor+.swift in Sources */,
			);
			runOnlyForDeploymentPostprocessing = 0;
		};
		ECCB787127B68C69001A0D36 /* Sources */ = {
			isa = PBXSourcesBuildPhase;
			buildActionMask = 2147483647;
			files = (
				ECCB789427B68CFA001A0D36 /* NameChecker.swift in Sources */,
				EC8AAA4B27D6398A0022CDA7 /* MBTIChecker.swift in Sources */,
				EC5E267827D34B9A00C29631 /* String+.swift in Sources */,
				EC5E267D27D34F3A00C29631 /* SignChecker.swift in Sources */,
				ECCB787A27B68C69001A0D36 /* NameCheckerTests.swift in Sources */,
				EC5E269627D3583700C29631 /* UIView+.swift in Sources */,
				EC5E268627D3554D00C29631 /* MainViewController.swift in Sources */,
				EC8AAA5127D640BE0022CDA7 /* BloodTypeChecker.swift in Sources */,
				EC5E269327D3581500C29631 /* UICollectionView+.swift in Sources */,
				EC5E268927D355C900C29631 /* MainViewModel.swift in Sources */,
			);
			runOnlyForDeploymentPostprocessing = 0;
		};
		ECCB787B27B68C69001A0D36 /* Sources */ = {
			isa = PBXSourcesBuildPhase;
			buildActionMask = 2147483647;
			files = (
				ECCB788627B68C69001A0D36 /* PairCheckerUITestsLaunchTests.swift in Sources */,
				ECCB788427B68C69001A0D36 /* PairCheckerUITests.swift in Sources */,
			);
			runOnlyForDeploymentPostprocessing = 0;
		};
/* End PBXSourcesBuildPhase section */

/* Begin PBXTargetDependency section */
		ECCB787727B68C69001A0D36 /* PBXTargetDependency */ = {
			isa = PBXTargetDependency;
			target = ECCB785E27B68C66001A0D36 /* PairChecker */;
			targetProxy = ECCB787627B68C69001A0D36 /* PBXContainerItemProxy */;
		};
		ECCB788127B68C69001A0D36 /* PBXTargetDependency */ = {
			isa = PBXTargetDependency;
			target = ECCB785E27B68C66001A0D36 /* PairChecker */;
			targetProxy = ECCB788027B68C69001A0D36 /* PBXContainerItemProxy */;
		};
/* End PBXTargetDependency section */

/* Begin PBXVariantGroup section */
		ECCB786827B68C66001A0D36 /* Main.storyboard */ = {
			isa = PBXVariantGroup;
			children = (
				ECCB786927B68C66001A0D36 /* Base */,
			);
			name = Main.storyboard;
			sourceTree = "<group>";
		};
		ECCB786D27B68C69001A0D36 /* LaunchScreen.storyboard */ = {
			isa = PBXVariantGroup;
			children = (
				ECCB786E27B68C69001A0D36 /* Base */,
			);
			name = LaunchScreen.storyboard;
			sourceTree = "<group>";
		};
/* End PBXVariantGroup section */

/* Begin XCBuildConfiguration section */
		ECCB788727B68C69001A0D36 /* Debug */ = {
			isa = XCBuildConfiguration;
			buildSettings = {
				ALWAYS_SEARCH_USER_PATHS = NO;
				CLANG_ANALYZER_NONNULL = YES;
				CLANG_ANALYZER_NUMBER_OBJECT_CONVERSION = YES_AGGRESSIVE;
				CLANG_CXX_LANGUAGE_STANDARD = "gnu++17";
				CLANG_CXX_LIBRARY = "libc++";
				CLANG_ENABLE_MODULES = YES;
				CLANG_ENABLE_OBJC_ARC = YES;
				CLANG_ENABLE_OBJC_WEAK = YES;
				CLANG_WARN_BLOCK_CAPTURE_AUTORELEASING = YES;
				CLANG_WARN_BOOL_CONVERSION = YES;
				CLANG_WARN_COMMA = YES;
				CLANG_WARN_CONSTANT_CONVERSION = YES;
				CLANG_WARN_DEPRECATED_OBJC_IMPLEMENTATIONS = YES;
				CLANG_WARN_DIRECT_OBJC_ISA_USAGE = YES_ERROR;
				CLANG_WARN_DOCUMENTATION_COMMENTS = YES;
				CLANG_WARN_EMPTY_BODY = YES;
				CLANG_WARN_ENUM_CONVERSION = YES;
				CLANG_WARN_INFINITE_RECURSION = YES;
				CLANG_WARN_INT_CONVERSION = YES;
				CLANG_WARN_NON_LITERAL_NULL_CONVERSION = YES;
				CLANG_WARN_OBJC_IMPLICIT_RETAIN_SELF = YES;
				CLANG_WARN_OBJC_LITERAL_CONVERSION = YES;
				CLANG_WARN_OBJC_ROOT_CLASS = YES_ERROR;
				CLANG_WARN_QUOTED_INCLUDE_IN_FRAMEWORK_HEADER = YES;
				CLANG_WARN_RANGE_LOOP_ANALYSIS = YES;
				CLANG_WARN_STRICT_PROTOTYPES = YES;
				CLANG_WARN_SUSPICIOUS_MOVE = YES;
				CLANG_WARN_UNGUARDED_AVAILABILITY = YES_AGGRESSIVE;
				CLANG_WARN_UNREACHABLE_CODE = YES;
				CLANG_WARN__DUPLICATE_METHOD_MATCH = YES;
				COPY_PHASE_STRIP = NO;
				DEBUG_INFORMATION_FORMAT = dwarf;
				ENABLE_STRICT_OBJC_MSGSEND = YES;
				ENABLE_TESTABILITY = YES;
				GCC_C_LANGUAGE_STANDARD = gnu11;
				GCC_DYNAMIC_NO_PIC = NO;
				GCC_NO_COMMON_BLOCKS = YES;
				GCC_OPTIMIZATION_LEVEL = 0;
				GCC_PREPROCESSOR_DEFINITIONS = (
					"DEBUG=1",
					"$(inherited)",
				);
				GCC_WARN_64_TO_32_BIT_CONVERSION = YES;
				GCC_WARN_ABOUT_RETURN_TYPE = YES_ERROR;
				GCC_WARN_UNDECLARED_SELECTOR = YES;
				GCC_WARN_UNINITIALIZED_AUTOS = YES_AGGRESSIVE;
				GCC_WARN_UNUSED_FUNCTION = YES;
				GCC_WARN_UNUSED_VARIABLE = YES;
				IPHONEOS_DEPLOYMENT_TARGET = 15.0;
				MTL_ENABLE_DEBUG_INFO = INCLUDE_SOURCE;
				MTL_FAST_MATH = YES;
				ONLY_ACTIVE_ARCH = YES;
				SDKROOT = iphoneos;
				SWIFT_ACTIVE_COMPILATION_CONDITIONS = DEBUG;
				SWIFT_OPTIMIZATION_LEVEL = "-Onone";
			};
			name = Debug;
		};
		ECCB788827B68C69001A0D36 /* Release */ = {
			isa = XCBuildConfiguration;
			buildSettings = {
				ALWAYS_SEARCH_USER_PATHS = NO;
				CLANG_ANALYZER_NONNULL = YES;
				CLANG_ANALYZER_NUMBER_OBJECT_CONVERSION = YES_AGGRESSIVE;
				CLANG_CXX_LANGUAGE_STANDARD = "gnu++17";
				CLANG_CXX_LIBRARY = "libc++";
				CLANG_ENABLE_MODULES = YES;
				CLANG_ENABLE_OBJC_ARC = YES;
				CLANG_ENABLE_OBJC_WEAK = YES;
				CLANG_WARN_BLOCK_CAPTURE_AUTORELEASING = YES;
				CLANG_WARN_BOOL_CONVERSION = YES;
				CLANG_WARN_COMMA = YES;
				CLANG_WARN_CONSTANT_CONVERSION = YES;
				CLANG_WARN_DEPRECATED_OBJC_IMPLEMENTATIONS = YES;
				CLANG_WARN_DIRECT_OBJC_ISA_USAGE = YES_ERROR;
				CLANG_WARN_DOCUMENTATION_COMMENTS = YES;
				CLANG_WARN_EMPTY_BODY = YES;
				CLANG_WARN_ENUM_CONVERSION = YES;
				CLANG_WARN_INFINITE_RECURSION = YES;
				CLANG_WARN_INT_CONVERSION = YES;
				CLANG_WARN_NON_LITERAL_NULL_CONVERSION = YES;
				CLANG_WARN_OBJC_IMPLICIT_RETAIN_SELF = YES;
				CLANG_WARN_OBJC_LITERAL_CONVERSION = YES;
				CLANG_WARN_OBJC_ROOT_CLASS = YES_ERROR;
				CLANG_WARN_QUOTED_INCLUDE_IN_FRAMEWORK_HEADER = YES;
				CLANG_WARN_RANGE_LOOP_ANALYSIS = YES;
				CLANG_WARN_STRICT_PROTOTYPES = YES;
				CLANG_WARN_SUSPICIOUS_MOVE = YES;
				CLANG_WARN_UNGUARDED_AVAILABILITY = YES_AGGRESSIVE;
				CLANG_WARN_UNREACHABLE_CODE = YES;
				CLANG_WARN__DUPLICATE_METHOD_MATCH = YES;
				COPY_PHASE_STRIP = NO;
				DEBUG_INFORMATION_FORMAT = "dwarf-with-dsym";
				ENABLE_NS_ASSERTIONS = NO;
				ENABLE_STRICT_OBJC_MSGSEND = YES;
				GCC_C_LANGUAGE_STANDARD = gnu11;
				GCC_NO_COMMON_BLOCKS = YES;
				GCC_WARN_64_TO_32_BIT_CONVERSION = YES;
				GCC_WARN_ABOUT_RETURN_TYPE = YES_ERROR;
				GCC_WARN_UNDECLARED_SELECTOR = YES;
				GCC_WARN_UNINITIALIZED_AUTOS = YES_AGGRESSIVE;
				GCC_WARN_UNUSED_FUNCTION = YES;
				GCC_WARN_UNUSED_VARIABLE = YES;
				IPHONEOS_DEPLOYMENT_TARGET = 15.0;
				MTL_ENABLE_DEBUG_INFO = NO;
				MTL_FAST_MATH = YES;
				SDKROOT = iphoneos;
				SWIFT_COMPILATION_MODE = wholemodule;
				SWIFT_OPTIMIZATION_LEVEL = "-O";
				VALIDATE_PRODUCT = YES;
			};
			name = Release;
		};
		ECCB788A27B68C69001A0D36 /* Debug */ = {
			isa = XCBuildConfiguration;
			baseConfigurationReference = 184000D4FB280C561E644E52 /* Pods-PairChecker.debug.xcconfig */;
			buildSettings = {
				ASSETCATALOG_COMPILER_APPICON_NAME = AppIcon;
				ASSETCATALOG_COMPILER_GLOBAL_ACCENT_COLOR_NAME = AccentColor;
				CODE_SIGN_STYLE = Automatic;
				CURRENT_PROJECT_VERSION = 1;
				DEVELOPMENT_TEAM = 6ZTQ76LJPZ;
				GENERATE_INFOPLIST_FILE = YES;
				INFOPLIST_FILE = PairChecker/Info.plist;
				INFOPLIST_KEY_UIApplicationSupportsIndirectInputEvents = YES;
				INFOPLIST_KEY_UILaunchStoryboardName = LaunchScreen;
				INFOPLIST_KEY_UISupportedInterfaceOrientations_iPad = "UIInterfaceOrientationPortrait UIInterfaceOrientationPortraitUpsideDown UIInterfaceOrientationLandscapeLeft UIInterfaceOrientationLandscapeRight";
				INFOPLIST_KEY_UISupportedInterfaceOrientations_iPhone = "UIInterfaceOrientationPortrait UIInterfaceOrientationLandscapeLeft UIInterfaceOrientationLandscapeRight";
				INFOPLIST_KEY_UIUserInterfaceStyle = Light;
				LD_RUNPATH_SEARCH_PATHS = (
					"$(inherited)",
					"@executable_path/Frameworks",
				);
				MARKETING_VERSION = 1.0;
				PRODUCT_BUNDLE_IDENTIFIER = YunaeKim.PairChecker;
				PRODUCT_NAME = "$(TARGET_NAME)";
				SWIFT_EMIT_LOC_STRINGS = YES;
				SWIFT_VERSION = 5.0;
				TARGETED_DEVICE_FAMILY = "1,2";
			};
			name = Debug;
		};
		ECCB788B27B68C69001A0D36 /* Release */ = {
			isa = XCBuildConfiguration;
			baseConfigurationReference = 7BA284CCAAD41A9705168957 /* Pods-PairChecker.release.xcconfig */;
			buildSettings = {
				ASSETCATALOG_COMPILER_APPICON_NAME = AppIcon;
				ASSETCATALOG_COMPILER_GLOBAL_ACCENT_COLOR_NAME = AccentColor;
				CODE_SIGN_STYLE = Automatic;
				CURRENT_PROJECT_VERSION = 1;
				DEVELOPMENT_TEAM = 6ZTQ76LJPZ;
				GENERATE_INFOPLIST_FILE = YES;
				INFOPLIST_FILE = PairChecker/Info.plist;
				INFOPLIST_KEY_UIApplicationSupportsIndirectInputEvents = YES;
				INFOPLIST_KEY_UILaunchStoryboardName = LaunchScreen;
				INFOPLIST_KEY_UISupportedInterfaceOrientations_iPad = "UIInterfaceOrientationPortrait UIInterfaceOrientationPortraitUpsideDown UIInterfaceOrientationLandscapeLeft UIInterfaceOrientationLandscapeRight";
				INFOPLIST_KEY_UISupportedInterfaceOrientations_iPhone = "UIInterfaceOrientationPortrait UIInterfaceOrientationLandscapeLeft UIInterfaceOrientationLandscapeRight";
				INFOPLIST_KEY_UIUserInterfaceStyle = Light;
				LD_RUNPATH_SEARCH_PATHS = (
					"$(inherited)",
					"@executable_path/Frameworks",
				);
				MARKETING_VERSION = 1.0;
				PRODUCT_BUNDLE_IDENTIFIER = YunaeKim.PairChecker;
				PRODUCT_NAME = "$(TARGET_NAME)";
				SWIFT_EMIT_LOC_STRINGS = YES;
				SWIFT_VERSION = 5.0;
				TARGETED_DEVICE_FAMILY = "1,2";
			};
			name = Release;
		};
		ECCB788D27B68C69001A0D36 /* Debug */ = {
			isa = XCBuildConfiguration;
			baseConfigurationReference = B71FA278DC3DAB2E62E6DC30 /* Pods-PairCheckerTests.debug.xcconfig */;
			buildSettings = {
				ALWAYS_EMBED_SWIFT_STANDARD_LIBRARIES = YES;
				BUNDLE_LOADER = "$(TEST_HOST)";
				CODE_SIGN_STYLE = Automatic;
				CURRENT_PROJECT_VERSION = 1;
				DEVELOPMENT_TEAM = 6ZTQ76LJPZ;
				GENERATE_INFOPLIST_FILE = YES;
				IPHONEOS_DEPLOYMENT_TARGET = 15.2;
				MARKETING_VERSION = 1.0;
				PRODUCT_BUNDLE_IDENTIFIER = YunaeKim.PairCheckerTests;
				PRODUCT_NAME = "$(TARGET_NAME)";
				SWIFT_EMIT_LOC_STRINGS = NO;
				SWIFT_VERSION = 5.0;
				TARGETED_DEVICE_FAMILY = "1,2";
				TEST_HOST = "$(BUILT_PRODUCTS_DIR)/PairChecker.app/PairChecker";
			};
			name = Debug;
		};
		ECCB788E27B68C69001A0D36 /* Release */ = {
			isa = XCBuildConfiguration;
			baseConfigurationReference = 8DB445287CA7A3C2D7CAA89F /* Pods-PairCheckerTests.release.xcconfig */;
			buildSettings = {
				ALWAYS_EMBED_SWIFT_STANDARD_LIBRARIES = YES;
				BUNDLE_LOADER = "$(TEST_HOST)";
				CODE_SIGN_STYLE = Automatic;
				CURRENT_PROJECT_VERSION = 1;
				DEVELOPMENT_TEAM = 6ZTQ76LJPZ;
				GENERATE_INFOPLIST_FILE = YES;
				IPHONEOS_DEPLOYMENT_TARGET = 15.2;
				MARKETING_VERSION = 1.0;
				PRODUCT_BUNDLE_IDENTIFIER = YunaeKim.PairCheckerTests;
				PRODUCT_NAME = "$(TARGET_NAME)";
				SWIFT_EMIT_LOC_STRINGS = NO;
				SWIFT_VERSION = 5.0;
				TARGETED_DEVICE_FAMILY = "1,2";
				TEST_HOST = "$(BUILT_PRODUCTS_DIR)/PairChecker.app/PairChecker";
			};
			name = Release;
		};
		ECCB789027B68C69001A0D36 /* Debug */ = {
			isa = XCBuildConfiguration;
			baseConfigurationReference = 65B1FD610F6C8513F38EF6E8 /* Pods-PairChecker-PairCheckerUITests.debug.xcconfig */;
			buildSettings = {
				ALWAYS_EMBED_SWIFT_STANDARD_LIBRARIES = YES;
				CODE_SIGN_STYLE = Automatic;
				CURRENT_PROJECT_VERSION = 1;
				DEVELOPMENT_TEAM = 6ZTQ76LJPZ;
				GENERATE_INFOPLIST_FILE = YES;
				MARKETING_VERSION = 1.0;
				PRODUCT_BUNDLE_IDENTIFIER = YunaeKim.PairCheckerUITests;
				PRODUCT_NAME = "$(TARGET_NAME)";
				SWIFT_EMIT_LOC_STRINGS = NO;
				SWIFT_VERSION = 5.0;
				TARGETED_DEVICE_FAMILY = "1,2";
				TEST_TARGET_NAME = PairChecker;
			};
			name = Debug;
		};
		ECCB789127B68C69001A0D36 /* Release */ = {
			isa = XCBuildConfiguration;
			baseConfigurationReference = C215EC4424691E6BB50B78A5 /* Pods-PairChecker-PairCheckerUITests.release.xcconfig */;
			buildSettings = {
				ALWAYS_EMBED_SWIFT_STANDARD_LIBRARIES = YES;
				CODE_SIGN_STYLE = Automatic;
				CURRENT_PROJECT_VERSION = 1;
				DEVELOPMENT_TEAM = 6ZTQ76LJPZ;
				GENERATE_INFOPLIST_FILE = YES;
				MARKETING_VERSION = 1.0;
				PRODUCT_BUNDLE_IDENTIFIER = YunaeKim.PairCheckerUITests;
				PRODUCT_NAME = "$(TARGET_NAME)";
				SWIFT_EMIT_LOC_STRINGS = NO;
				SWIFT_VERSION = 5.0;
				TARGETED_DEVICE_FAMILY = "1,2";
				TEST_TARGET_NAME = PairChecker;
			};
			name = Release;
		};
/* End XCBuildConfiguration section */

/* Begin XCConfigurationList section */
		ECCB785A27B68C66001A0D36 /* Build configuration list for PBXProject "PairChecker" */ = {
			isa = XCConfigurationList;
			buildConfigurations = (
				ECCB788727B68C69001A0D36 /* Debug */,
				ECCB788827B68C69001A0D36 /* Release */,
			);
			defaultConfigurationIsVisible = 0;
			defaultConfigurationName = Release;
		};
		ECCB788927B68C69001A0D36 /* Build configuration list for PBXNativeTarget "PairChecker" */ = {
			isa = XCConfigurationList;
			buildConfigurations = (
				ECCB788A27B68C69001A0D36 /* Debug */,
				ECCB788B27B68C69001A0D36 /* Release */,
			);
			defaultConfigurationIsVisible = 0;
			defaultConfigurationName = Release;
		};
		ECCB788C27B68C69001A0D36 /* Build configuration list for PBXNativeTarget "PairCheckerTests" */ = {
			isa = XCConfigurationList;
			buildConfigurations = (
				ECCB788D27B68C69001A0D36 /* Debug */,
				ECCB788E27B68C69001A0D36 /* Release */,
			);
			defaultConfigurationIsVisible = 0;
			defaultConfigurationName = Release;
		};
		ECCB788F27B68C69001A0D36 /* Build configuration list for PBXNativeTarget "PairCheckerUITests" */ = {
			isa = XCConfigurationList;
			buildConfigurations = (
				ECCB789027B68C69001A0D36 /* Debug */,
				ECCB789127B68C69001A0D36 /* Release */,
			);
			defaultConfigurationIsVisible = 0;
			defaultConfigurationName = Release;
		};
/* End XCConfigurationList section */
	};
	rootObject = ECCB785727B68C66001A0D36 /* Project object */;
}
